// !$*UTF8*$!
{
	archiveVersion = 1;
	classes = {
	};
	objectVersion = 46;
	objects = {

/* Begin PBXBuildFile section */
		4E0C6AD618E5E681008919A2 /* CreditsScene.m in Sources */ = {isa = PBXBuildFile; fileRef = 4E0C6AD518E5E681008919A2 /* CreditsScene.m */; };
		4E0C6AD918E621D9008919A2 /* SKTransition+CustomTransition.m in Sources */ = {isa = PBXBuildFile; fileRef = 4E0C6AD818E621D9008919A2 /* SKTransition+CustomTransition.m */; };
		4E0C6ADC18E7EDA1008919A2 /* NSUserDefaults+MPSecureUserDefaults.m in Sources */ = {isa = PBXBuildFile; fileRef = 4E0C6ADB18E7EDA1008919A2 /* NSUserDefaults+MPSecureUserDefaults.m */; };
		4E0C6ADF18E7F0F7008919A2 /* HighScoreHelper.m in Sources */ = {isa = PBXBuildFile; fileRef = 4E0C6ADE18E7F0F7008919A2 /* HighScoreHelper.m */; };
		4E40332618E4FCC2009567F0 /* ParseHelper.m in Sources */ = {isa = PBXBuildFile; fileRef = 4E40332518E4FCC2009567F0 /* ParseHelper.m */; };
		4E40332C18E504E6009567F0 /* Parse.framework in Frameworks */ = {isa = PBXBuildFile; fileRef = 4E40332B18E504E6009567F0 /* Parse.framework */; };
		4E40332E18E50550009567F0 /* AudioToolbox.framework in Frameworks */ = {isa = PBXBuildFile; fileRef = 4E40332D18E50550009567F0 /* AudioToolbox.framework */; };
		4E40333018E50556009567F0 /* CFNetwork.framework in Frameworks */ = {isa = PBXBuildFile; fileRef = 4E40332F18E50556009567F0 /* CFNetwork.framework */; };
		4E40333218E5055D009567F0 /* CoreLocation.framework in Frameworks */ = {isa = PBXBuildFile; fileRef = 4E40333118E5055D009567F0 /* CoreLocation.framework */; };
		4E40333418E50566009567F0 /* libz.dylib in Frameworks */ = {isa = PBXBuildFile; fileRef = 4E40333318E50565009567F0 /* libz.dylib */; };
		4E40333618E5056C009567F0 /* MobileCoreServices.framework in Frameworks */ = {isa = PBXBuildFile; fileRef = 4E40333518E5056C009567F0 /* MobileCoreServices.framework */; };
		4E40333818E50573009567F0 /* QuartzCore.framework in Frameworks */ = {isa = PBXBuildFile; fileRef = 4E40333718E50573009567F0 /* QuartzCore.framework */; };
		4E40333A18E50579009567F0 /* Security.framework in Frameworks */ = {isa = PBXBuildFile; fileRef = 4E40333918E50579009567F0 /* Security.framework */; };
		4E40333C18E50587009567F0 /* StoreKit.framework in Frameworks */ = {isa = PBXBuildFile; fileRef = 4E40333B18E50587009567F0 /* StoreKit.framework */; };
		4E40333E18E5058D009567F0 /* SystemConfiguration.framework in Frameworks */ = {isa = PBXBuildFile; fileRef = 4E40333D18E5058D009567F0 /* SystemConfiguration.framework */; };
		4E40334118E5072D009567F0 /* Reachability.m in Sources */ = {isa = PBXBuildFile; fileRef = 4E40334018E5072D009567F0 /* Reachability.m */; };
		4E5BC1F418D376F300F7F642 /* Foundation.framework in Frameworks */ = {isa = PBXBuildFile; fileRef = 4E5BC1F318D376F300F7F642 /* Foundation.framework */; };
		4E5BC1F618D376F300F7F642 /* CoreGraphics.framework in Frameworks */ = {isa = PBXBuildFile; fileRef = 4E5BC1F518D376F300F7F642 /* CoreGraphics.framework */; };
		4E5BC1F818D376F300F7F642 /* UIKit.framework in Frameworks */ = {isa = PBXBuildFile; fileRef = 4E5BC1F718D376F300F7F642 /* UIKit.framework */; };
		4E5BC1FA18D376F300F7F642 /* SpriteKit.framework in Frameworks */ = {isa = PBXBuildFile; fileRef = 4E5BC1F918D376F300F7F642 /* SpriteKit.framework */; };
		4E5BC20018D376F300F7F642 /* InfoPlist.strings in Resources */ = {isa = PBXBuildFile; fileRef = 4E5BC1FE18D376F300F7F642 /* InfoPlist.strings */; };
		4E5BC20218D376F300F7F642 /* main.m in Sources */ = {isa = PBXBuildFile; fileRef = 4E5BC20118D376F300F7F642 /* main.m */; };
		4E5BC20618D376F300F7F642 /* AppDelegate.m in Sources */ = {isa = PBXBuildFile; fileRef = 4E5BC20518D376F300F7F642 /* AppDelegate.m */; };
		4E5BC21318D376F300F7F642 /* Images.xcassets in Resources */ = {isa = PBXBuildFile; fileRef = 4E5BC21218D376F300F7F642 /* Images.xcassets */; };
		4E5BC21A18D376F400F7F642 /* XCTest.framework in Frameworks */ = {isa = PBXBuildFile; fileRef = 4E5BC21918D376F400F7F642 /* XCTest.framework */; };
		4E5BC21B18D376F400F7F642 /* Foundation.framework in Frameworks */ = {isa = PBXBuildFile; fileRef = 4E5BC1F318D376F300F7F642 /* Foundation.framework */; };
		4E5BC21C18D376F400F7F642 /* UIKit.framework in Frameworks */ = {isa = PBXBuildFile; fileRef = 4E5BC1F718D376F300F7F642 /* UIKit.framework */; };
		4E5BC22418D376F400F7F642 /* InfoPlist.strings in Resources */ = {isa = PBXBuildFile; fileRef = 4E5BC22218D376F400F7F642 /* InfoPlist.strings */; };
		4E5BC22618D376F400F7F642 /* iotaTests.m in Sources */ = {isa = PBXBuildFile; fileRef = 4E5BC22518D376F400F7F642 /* iotaTests.m */; };
		4E5BC24318D3790800F7F642 /* Ball.m in Sources */ = {isa = PBXBuildFile; fileRef = 4E5BC23418D3790800F7F642 /* Ball.m */; };
		4E5BC24418D3790800F7F642 /* Peg.m in Sources */ = {isa = PBXBuildFile; fileRef = 4E5BC23618D3790800F7F642 /* Peg.m */; };
		4E5BC24518D3790800F7F642 /* ScoreDetector.m in Sources */ = {isa = PBXBuildFile; fileRef = 4E5BC23818D3790800F7F642 /* ScoreDetector.m */; };
		4E5BC24618D3790800F7F642 /* ScoreIndicators.m in Sources */ = {isa = PBXBuildFile; fileRef = 4E5BC23A18D3790800F7F642 /* ScoreIndicators.m */; };
		4E5BC24718D3790800F7F642 /* PegColors.m in Sources */ = {isa = PBXBuildFile; fileRef = 4E5BC23C18D3790800F7F642 /* PegColors.m */; };
		4E5BC24A18D3790800F7F642 /* Scorezone.m in Sources */ = {isa = PBXBuildFile; fileRef = 4E5BC24218D3790800F7F642 /* Scorezone.m */; };
		4E5BC25118D3794500F7F642 /* MainMenuViewController.m in Sources */ = {isa = PBXBuildFile; fileRef = 4E5BC24C18D3794500F7F642 /* MainMenuViewController.m */; };
		4E5BC25218D3794500F7F642 /* MainMenu.m in Sources */ = {isa = PBXBuildFile; fileRef = 4E5BC24E18D3794500F7F642 /* MainMenu.m */; };
		4E5BC25318D3794500F7F642 /* IotaGameScene.m in Sources */ = {isa = PBXBuildFile; fileRef = 4E5BC25018D3794500F7F642 /* IotaGameScene.m */; };
		4E5BC25C18D3795100F7F642 /* 5Points__dly.mp3 in Resources */ = {isa = PBXBuildFile; fileRef = 4E5BC25418D3795100F7F642 /* 5Points__dly.mp3 */; };
		4E5BC25D18D3795100F7F642 /* 25Points__dly.mp3 in Resources */ = {isa = PBXBuildFile; fileRef = 4E5BC25518D3795100F7F642 /* 25Points__dly.mp3 */; };
		4E5BC25E18D3795100F7F642 /* 50Points__dly.mp3 in Resources */ = {isa = PBXBuildFile; fileRef = 4E5BC25618D3795100F7F642 /* 50Points__dly.mp3 */; };
		4E5BC25F18D3795100F7F642 /* 100Points__dly.mp3 in Resources */ = {isa = PBXBuildFile; fileRef = 4E5BC25718D3795100F7F642 /* 100Points__dly.mp3 */; };
		4E5BC26018D3795100F7F642 /* Loose_.mp3 in Resources */ = {isa = PBXBuildFile; fileRef = 4E5BC25818D3795100F7F642 /* Loose_.mp3 */; };
		4E5BC26118D3795100F7F642 /* PowerUp_dly.mp3 in Resources */ = {isa = PBXBuildFile; fileRef = 4E5BC25918D3795100F7F642 /* PowerUp_dly.mp3 */; };
		4E5BC26218D3795100F7F642 /* YSIotaSE.m in Sources */ = {isa = PBXBuildFile; fileRef = 4E5BC25B18D3795100F7F642 /* YSIotaSE.m */; };
		4E5BC26418D379AD00F7F642 /* GameKit.framework in Frameworks */ = {isa = PBXBuildFile; fileRef = 4E5BC26318D379AC00F7F642 /* GameKit.framework */; };
		4E5BC26618D379B100F7F642 /* iAd.framework in Frameworks */ = {isa = PBXBuildFile; fileRef = 4E5BC26518D379B100F7F642 /* iAd.framework */; };
		4E5BC27018D37A2100F7F642 /* GameCenterManager.m in Sources */ = {isa = PBXBuildFile; fileRef = 4E5BC26C18D37A2100F7F642 /* GameCenterManager.m */; };
		4E5BC27118D37A2100F7F642 /* SKButton.m in Sources */ = {isa = PBXBuildFile; fileRef = 4E5BC26E18D37A2100F7F642 /* SKButton.m */; };
		4E5BC29818D389B300F7F642 /* A2_dly.mp3 in Resources */ = {isa = PBXBuildFile; fileRef = 4E5BC27418D389B300F7F642 /* A2_dly.mp3 */; };
		4E5BC29918D389B300F7F642 /* A3_dly.mp3 in Resources */ = {isa = PBXBuildFile; fileRef = 4E5BC27518D389B300F7F642 /* A3_dly.mp3 */; };
		4E5BC29A18D389B300F7F642 /* A4_dly.mp3 in Resources */ = {isa = PBXBuildFile; fileRef = 4E5BC27618D389B300F7F642 /* A4_dly.mp3 */; };
		4E5BC29B18D389B300F7F642 /* A5_dly.mp3 in Resources */ = {isa = PBXBuildFile; fileRef = 4E5BC27718D389B300F7F642 /* A5_dly.mp3 */; };
		4E5BC29C18D389B300F7F642 /* A6_dly.mp3 in Resources */ = {isa = PBXBuildFile; fileRef = 4E5BC27818D389B300F7F642 /* A6_dly.mp3 */; };
		4E5BC29D18D389B300F7F642 /* B2_dly.mp3 in Resources */ = {isa = PBXBuildFile; fileRef = 4E5BC27918D389B300F7F642 /* B2_dly.mp3 */; };
		4E5BC29E18D389B300F7F642 /* B3_dly.mp3 in Resources */ = {isa = PBXBuildFile; fileRef = 4E5BC27A18D389B300F7F642 /* B3_dly.mp3 */; };
		4E5BC29F18D389B300F7F642 /* B4_dly.mp3 in Resources */ = {isa = PBXBuildFile; fileRef = 4E5BC27B18D389B300F7F642 /* B4_dly.mp3 */; };
		4E5BC2A018D389B300F7F642 /* B5_dly.mp3 in Resources */ = {isa = PBXBuildFile; fileRef = 4E5BC27C18D389B300F7F642 /* B5_dly.mp3 */; };
		4E5BC2A118D389B300F7F642 /* B6_dly.mp3 in Resources */ = {isa = PBXBuildFile; fileRef = 4E5BC27D18D389B300F7F642 /* B6_dly.mp3 */; };
		4E5BC2A218D389B300F7F642 /* C2_dly.mp3 in Resources */ = {isa = PBXBuildFile; fileRef = 4E5BC27E18D389B300F7F642 /* C2_dly.mp3 */; };
		4E5BC2A318D389B300F7F642 /* C3_dly.mp3 in Resources */ = {isa = PBXBuildFile; fileRef = 4E5BC27F18D389B300F7F642 /* C3_dly.mp3 */; };
		4E5BC2A418D389B300F7F642 /* C4_dly.mp3 in Resources */ = {isa = PBXBuildFile; fileRef = 4E5BC28018D389B300F7F642 /* C4_dly.mp3 */; };
		4E5BC2A518D389B300F7F642 /* C5_dly.mp3 in Resources */ = {isa = PBXBuildFile; fileRef = 4E5BC28118D389B300F7F642 /* C5_dly.mp3 */; };
		4E5BC2A618D389B300F7F642 /* C6_dly.mp3 in Resources */ = {isa = PBXBuildFile; fileRef = 4E5BC28218D389B300F7F642 /* C6_dly.mp3 */; };
		4E5BC2A718D389B300F7F642 /* C7_dly.mp3 in Resources */ = {isa = PBXBuildFile; fileRef = 4E5BC28318D389B300F7F642 /* C7_dly.mp3 */; };
		4E5BC2A818D389B300F7F642 /* D2_dly.mp3 in Resources */ = {isa = PBXBuildFile; fileRef = 4E5BC28418D389B300F7F642 /* D2_dly.mp3 */; };
		4E5BC2A918D389B300F7F642 /* D3_dly.mp3 in Resources */ = {isa = PBXBuildFile; fileRef = 4E5BC28518D389B300F7F642 /* D3_dly.mp3 */; };
		4E5BC2AA18D389B300F7F642 /* D4_dly.mp3 in Resources */ = {isa = PBXBuildFile; fileRef = 4E5BC28618D389B300F7F642 /* D4_dly.mp3 */; };
		4E5BC2AB18D389B300F7F642 /* D5_dly.mp3 in Resources */ = {isa = PBXBuildFile; fileRef = 4E5BC28718D389B300F7F642 /* D5_dly.mp3 */; };
		4E5BC2AC18D389B300F7F642 /* D6_dly.mp3 in Resources */ = {isa = PBXBuildFile; fileRef = 4E5BC28818D389B300F7F642 /* D6_dly.mp3 */; };
		4E5BC2AD18D389B300F7F642 /* E2_dly.mp3 in Resources */ = {isa = PBXBuildFile; fileRef = 4E5BC28918D389B300F7F642 /* E2_dly.mp3 */; };
		4E5BC2AE18D389B300F7F642 /* E3_dly.mp3 in Resources */ = {isa = PBXBuildFile; fileRef = 4E5BC28A18D389B300F7F642 /* E3_dly.mp3 */; };
		4E5BC2AF18D389B300F7F642 /* E4_dly.mp3 in Resources */ = {isa = PBXBuildFile; fileRef = 4E5BC28B18D389B300F7F642 /* E4_dly.mp3 */; };
		4E5BC2B018D389B300F7F642 /* E5_dly.mp3 in Resources */ = {isa = PBXBuildFile; fileRef = 4E5BC28C18D389B300F7F642 /* E5_dly.mp3 */; };
		4E5BC2B118D389B300F7F642 /* E6_dly.mp3 in Resources */ = {isa = PBXBuildFile; fileRef = 4E5BC28D18D389B300F7F642 /* E6_dly.mp3 */; };
		4E5BC2B218D389B300F7F642 /* F2_dly.mp3 in Resources */ = {isa = PBXBuildFile; fileRef = 4E5BC28E18D389B300F7F642 /* F2_dly.mp3 */; };
		4E5BC2B318D389B300F7F642 /* F3_dly.mp3 in Resources */ = {isa = PBXBuildFile; fileRef = 4E5BC28F18D389B300F7F642 /* F3_dly.mp3 */; };
		4E5BC2B418D389B300F7F642 /* F4_dly.mp3 in Resources */ = {isa = PBXBuildFile; fileRef = 4E5BC29018D389B300F7F642 /* F4_dly.mp3 */; };
		4E5BC2B518D389B300F7F642 /* F5_dly.mp3 in Resources */ = {isa = PBXBuildFile; fileRef = 4E5BC29118D389B300F7F642 /* F5_dly.mp3 */; };
		4E5BC2B618D389B300F7F642 /* F6_dly.mp3 in Resources */ = {isa = PBXBuildFile; fileRef = 4E5BC29218D389B300F7F642 /* F6_dly.mp3 */; };
		4E5BC2B718D389B300F7F642 /* G2_dly.mp3 in Resources */ = {isa = PBXBuildFile; fileRef = 4E5BC29318D389B300F7F642 /* G2_dly.mp3 */; };
		4E5BC2B818D389B300F7F642 /* G3_dly.mp3 in Resources */ = {isa = PBXBuildFile; fileRef = 4E5BC29418D389B300F7F642 /* G3_dly.mp3 */; };
		4E5BC2B918D389B300F7F642 /* G4_dly.mp3 in Resources */ = {isa = PBXBuildFile; fileRef = 4E5BC29518D389B300F7F642 /* G4_dly.mp3 */; };
		4E5BC2BA18D389B300F7F642 /* G5_dly.mp3 in Resources */ = {isa = PBXBuildFile; fileRef = 4E5BC29618D389B300F7F642 /* G5_dly.mp3 */; };
		4E5BC2BB18D389B300F7F642 /* G6_dly.mp3 in Resources */ = {isa = PBXBuildFile; fileRef = 4E5BC29718D389B300F7F642 /* G6_dly.mp3 */; };
		4ECC177418D4E9660046134D /* Main.storyboard in Resources */ = {isa = PBXBuildFile; fileRef = 4ECC177318D4E9660046134D /* Main.storyboard */; };
		4ECC177818D51F1E0046134D /* swoosh.mp3 in Resources */ = {isa = PBXBuildFile; fileRef = 4ECC177718D51F1E0046134D /* swoosh.mp3 */; };
		4EFC026318E3515900207A33 /* UIShareAcitivityViewController.m in Sources */ = {isa = PBXBuildFile; fileRef = 4EFC026218E3515900207A33 /* UIShareAcitivityViewController.m */; };
/* End PBXBuildFile section */

/* Begin PBXContainerItemProxy section */
		4E5BC21D18D376F400F7F642 /* PBXContainerItemProxy */ = {
			isa = PBXContainerItemProxy;
			containerPortal = 4E5BC1E818D376F300F7F642 /* Project object */;
			proxyType = 1;
			remoteGlobalIDString = 4E5BC1EF18D376F300F7F642;
			remoteInfo = iota;
		};
/* End PBXContainerItemProxy section */

/* Begin PBXFileReference section */
		4E0C6AD418E5E681008919A2 /* CreditsScene.h */ = {isa = PBXFileReference; fileEncoding = 4; lastKnownFileType = sourcecode.c.h; path = CreditsScene.h; sourceTree = "<group>"; };
		4E0C6AD518E5E681008919A2 /* CreditsScene.m */ = {isa = PBXFileReference; fileEncoding = 4; lastKnownFileType = sourcecode.c.objc; path = CreditsScene.m; sourceTree = "<group>"; };
		4E0C6AD718E621D9008919A2 /* SKTransition+CustomTransition.h */ = {isa = PBXFileReference; fileEncoding = 4; lastKnownFileType = sourcecode.c.h; path = "SKTransition+CustomTransition.h"; sourceTree = "<group>"; };
		4E0C6AD818E621D9008919A2 /* SKTransition+CustomTransition.m */ = {isa = PBXFileReference; fileEncoding = 4; lastKnownFileType = sourcecode.c.objc; path = "SKTransition+CustomTransition.m"; sourceTree = "<group>"; };
		4E0C6ADA18E7EDA1008919A2 /* NSUserDefaults+MPSecureUserDefaults.h */ = {isa = PBXFileReference; fileEncoding = 4; lastKnownFileType = sourcecode.c.h; path = "NSUserDefaults+MPSecureUserDefaults.h"; sourceTree = "<group>"; };
		4E0C6ADB18E7EDA1008919A2 /* NSUserDefaults+MPSecureUserDefaults.m */ = {isa = PBXFileReference; fileEncoding = 4; lastKnownFileType = sourcecode.c.objc; path = "NSUserDefaults+MPSecureUserDefaults.m"; sourceTree = "<group>"; };
		4E0C6ADD18E7F0F7008919A2 /* HighScoreHelper.h */ = {isa = PBXFileReference; fileEncoding = 4; lastKnownFileType = sourcecode.c.h; path = HighScoreHelper.h; sourceTree = "<group>"; };
		4E0C6ADE18E7F0F7008919A2 /* HighScoreHelper.m */ = {isa = PBXFileReference; fileEncoding = 4; lastKnownFileType = sourcecode.c.objc; path = HighScoreHelper.m; sourceTree = "<group>"; };
		4E40332418E4FCC2009567F0 /* ParseHelper.h */ = {isa = PBXFileReference; fileEncoding = 4; lastKnownFileType = sourcecode.c.h; path = ParseHelper.h; sourceTree = "<group>"; };
		4E40332518E4FCC2009567F0 /* ParseHelper.m */ = {isa = PBXFileReference; fileEncoding = 4; lastKnownFileType = sourcecode.c.objc; path = ParseHelper.m; sourceTree = "<group>"; };
		4E40332B18E504E6009567F0 /* Parse.framework */ = {isa = PBXFileReference; lastKnownFileType = wrapper.framework; path = Parse.framework; sourceTree = "<group>"; };
		4E40332D18E50550009567F0 /* AudioToolbox.framework */ = {isa = PBXFileReference; lastKnownFileType = wrapper.framework; name = AudioToolbox.framework; path = System/Library/Frameworks/AudioToolbox.framework; sourceTree = SDKROOT; };
		4E40332F18E50556009567F0 /* CFNetwork.framework */ = {isa = PBXFileReference; lastKnownFileType = wrapper.framework; name = CFNetwork.framework; path = System/Library/Frameworks/CFNetwork.framework; sourceTree = SDKROOT; };
		4E40333118E5055D009567F0 /* CoreLocation.framework */ = {isa = PBXFileReference; lastKnownFileType = wrapper.framework; name = CoreLocation.framework; path = System/Library/Frameworks/CoreLocation.framework; sourceTree = SDKROOT; };
		4E40333318E50565009567F0 /* libz.dylib */ = {isa = PBXFileReference; lastKnownFileType = "compiled.mach-o.dylib"; name = libz.dylib; path = usr/lib/libz.dylib; sourceTree = SDKROOT; };
		4E40333518E5056C009567F0 /* MobileCoreServices.framework */ = {isa = PBXFileReference; lastKnownFileType = wrapper.framework; name = MobileCoreServices.framework; path = System/Library/Frameworks/MobileCoreServices.framework; sourceTree = SDKROOT; };
		4E40333718E50573009567F0 /* QuartzCore.framework */ = {isa = PBXFileReference; lastKnownFileType = wrapper.framework; name = QuartzCore.framework; path = System/Library/Frameworks/QuartzCore.framework; sourceTree = SDKROOT; };
		4E40333918E50579009567F0 /* Security.framework */ = {isa = PBXFileReference; lastKnownFileType = wrapper.framework; name = Security.framework; path = System/Library/Frameworks/Security.framework; sourceTree = SDKROOT; };
		4E40333B18E50587009567F0 /* StoreKit.framework */ = {isa = PBXFileReference; lastKnownFileType = wrapper.framework; name = StoreKit.framework; path = System/Library/Frameworks/StoreKit.framework; sourceTree = SDKROOT; };
		4E40333D18E5058D009567F0 /* SystemConfiguration.framework */ = {isa = PBXFileReference; lastKnownFileType = wrapper.framework; name = SystemConfiguration.framework; path = System/Library/Frameworks/SystemConfiguration.framework; sourceTree = SDKROOT; };
		4E40333F18E5072D009567F0 /* Reachability.h */ = {isa = PBXFileReference; fileEncoding = 4; lastKnownFileType = sourcecode.c.h; path = Reachability.h; sourceTree = "<group>"; };
		4E40334018E5072D009567F0 /* Reachability.m */ = {isa = PBXFileReference; fileEncoding = 4; lastKnownFileType = sourcecode.c.objc; path = Reachability.m; sourceTree = "<group>"; };
		4E5BC1F018D376F300F7F642 /* iota.app */ = {isa = PBXFileReference; explicitFileType = wrapper.application; includeInIndex = 0; path = iota.app; sourceTree = BUILT_PRODUCTS_DIR; };
		4E5BC1F318D376F300F7F642 /* Foundation.framework */ = {isa = PBXFileReference; lastKnownFileType = wrapper.framework; name = Foundation.framework; path = System/Library/Frameworks/Foundation.framework; sourceTree = SDKROOT; };
		4E5BC1F518D376F300F7F642 /* CoreGraphics.framework */ = {isa = PBXFileReference; lastKnownFileType = wrapper.framework; name = CoreGraphics.framework; path = System/Library/Frameworks/CoreGraphics.framework; sourceTree = SDKROOT; };
		4E5BC1F718D376F300F7F642 /* UIKit.framework */ = {isa = PBXFileReference; lastKnownFileType = wrapper.framework; name = UIKit.framework; path = System/Library/Frameworks/UIKit.framework; sourceTree = SDKROOT; };
		4E5BC1F918D376F300F7F642 /* SpriteKit.framework */ = {isa = PBXFileReference; lastKnownFileType = wrapper.framework; name = SpriteKit.framework; path = System/Library/Frameworks/SpriteKit.framework; sourceTree = SDKROOT; };
		4E5BC1FD18D376F300F7F642 /* iota-Info.plist */ = {isa = PBXFileReference; lastKnownFileType = text.plist.xml; path = "iota-Info.plist"; sourceTree = "<group>"; };
		4E5BC1FF18D376F300F7F642 /* en */ = {isa = PBXFileReference; lastKnownFileType = text.plist.strings; name = en; path = en.lproj/InfoPlist.strings; sourceTree = "<group>"; };
		4E5BC20118D376F300F7F642 /* main.m */ = {isa = PBXFileReference; lastKnownFileType = sourcecode.c.objc; path = main.m; sourceTree = "<group>"; };
		4E5BC20318D376F300F7F642 /* iota-Prefix.pch */ = {isa = PBXFileReference; lastKnownFileType = sourcecode.c.h; path = "iota-Prefix.pch"; sourceTree = "<group>"; };
		4E5BC20418D376F300F7F642 /* AppDelegate.h */ = {isa = PBXFileReference; lastKnownFileType = sourcecode.c.h; path = AppDelegate.h; sourceTree = "<group>"; };
		4E5BC20518D376F300F7F642 /* AppDelegate.m */ = {isa = PBXFileReference; lastKnownFileType = sourcecode.c.objc; path = AppDelegate.m; sourceTree = "<group>"; };
		4E5BC21218D376F300F7F642 /* Images.xcassets */ = {isa = PBXFileReference; lastKnownFileType = folder.assetcatalog; path = Images.xcassets; sourceTree = "<group>"; };
		4E5BC21818D376F400F7F642 /* iotaTests.xctest */ = {isa = PBXFileReference; explicitFileType = wrapper.cfbundle; includeInIndex = 0; path = iotaTests.xctest; sourceTree = BUILT_PRODUCTS_DIR; };
		4E5BC21918D376F400F7F642 /* XCTest.framework */ = {isa = PBXFileReference; lastKnownFileType = wrapper.framework; name = XCTest.framework; path = Library/Frameworks/XCTest.framework; sourceTree = DEVELOPER_DIR; };
		4E5BC22118D376F400F7F642 /* iotaTests-Info.plist */ = {isa = PBXFileReference; lastKnownFileType = text.plist.xml; path = "iotaTests-Info.plist"; sourceTree = "<group>"; };
		4E5BC22318D376F400F7F642 /* en */ = {isa = PBXFileReference; lastKnownFileType = text.plist.strings; name = en; path = en.lproj/InfoPlist.strings; sourceTree = "<group>"; };
		4E5BC22518D376F400F7F642 /* iotaTests.m */ = {isa = PBXFileReference; lastKnownFileType = sourcecode.c.objc; path = iotaTests.m; sourceTree = "<group>"; };
		4E5BC23318D3790800F7F642 /* Ball.h */ = {isa = PBXFileReference; fileEncoding = 4; lastKnownFileType = sourcecode.c.h; path = Ball.h; sourceTree = "<group>"; };
		4E5BC23418D3790800F7F642 /* Ball.m */ = {isa = PBXFileReference; fileEncoding = 4; lastKnownFileType = sourcecode.c.objc; path = Ball.m; sourceTree = "<group>"; };
		4E5BC23518D3790800F7F642 /* Peg.h */ = {isa = PBXFileReference; fileEncoding = 4; lastKnownFileType = sourcecode.c.h; path = Peg.h; sourceTree = "<group>"; };
		4E5BC23618D3790800F7F642 /* Peg.m */ = {isa = PBXFileReference; fileEncoding = 4; lastKnownFileType = sourcecode.c.objc; path = Peg.m; sourceTree = "<group>"; };
		4E5BC23718D3790800F7F642 /* ScoreDetector.h */ = {isa = PBXFileReference; fileEncoding = 4; lastKnownFileType = sourcecode.c.h; path = ScoreDetector.h; sourceTree = "<group>"; };
		4E5BC23818D3790800F7F642 /* ScoreDetector.m */ = {isa = PBXFileReference; fileEncoding = 4; lastKnownFileType = sourcecode.c.objc; path = ScoreDetector.m; sourceTree = "<group>"; };
		4E5BC23918D3790800F7F642 /* ScoreIndicators.h */ = {isa = PBXFileReference; fileEncoding = 4; lastKnownFileType = sourcecode.c.h; path = ScoreIndicators.h; sourceTree = "<group>"; };
		4E5BC23A18D3790800F7F642 /* ScoreIndicators.m */ = {isa = PBXFileReference; fileEncoding = 4; lastKnownFileType = sourcecode.c.objc; path = ScoreIndicators.m; sourceTree = "<group>"; };
		4E5BC23B18D3790800F7F642 /* PegColors.h */ = {isa = PBXFileReference; fileEncoding = 4; lastKnownFileType = sourcecode.c.h; path = PegColors.h; sourceTree = "<group>"; };
		4E5BC23C18D3790800F7F642 /* PegColors.m */ = {isa = PBXFileReference; fileEncoding = 4; lastKnownFileType = sourcecode.c.objc; path = PegColors.m; sourceTree = "<group>"; };
		4E5BC24118D3790800F7F642 /* Scorezone.h */ = {isa = PBXFileReference; fileEncoding = 4; lastKnownFileType = sourcecode.c.h; path = Scorezone.h; sourceTree = "<group>"; };
		4E5BC24218D3790800F7F642 /* Scorezone.m */ = {isa = PBXFileReference; fileEncoding = 4; lastKnownFileType = sourcecode.c.objc; path = Scorezone.m; sourceTree = "<group>"; };
		4E5BC24B18D3794500F7F642 /* MainMenuViewController.h */ = {isa = PBXFileReference; fileEncoding = 4; lastKnownFileType = sourcecode.c.h; path = MainMenuViewController.h; sourceTree = "<group>"; };
		4E5BC24C18D3794500F7F642 /* MainMenuViewController.m */ = {isa = PBXFileReference; fileEncoding = 4; lastKnownFileType = sourcecode.c.objc; path = MainMenuViewController.m; sourceTree = "<group>"; };
		4E5BC24D18D3794500F7F642 /* MainMenu.h */ = {isa = PBXFileReference; fileEncoding = 4; lastKnownFileType = sourcecode.c.h; path = MainMenu.h; sourceTree = "<group>"; };
		4E5BC24E18D3794500F7F642 /* MainMenu.m */ = {isa = PBXFileReference; fileEncoding = 4; lastKnownFileType = sourcecode.c.objc; path = MainMenu.m; sourceTree = "<group>"; };
		4E5BC24F18D3794500F7F642 /* IotaGameScene.h */ = {isa = PBXFileReference; fileEncoding = 4; lastKnownFileType = sourcecode.c.h; path = IotaGameScene.h; sourceTree = "<group>"; };
		4E5BC25018D3794500F7F642 /* IotaGameScene.m */ = {isa = PBXFileReference; fileEncoding = 4; lastKnownFileType = sourcecode.c.objc; path = IotaGameScene.m; sourceTree = "<group>"; };
		4E5BC25418D3795100F7F642 /* 5Points__dly.mp3 */ = {isa = PBXFileReference; lastKnownFileType = audio.mp3; path = 5Points__dly.mp3; sourceTree = "<group>"; };
		4E5BC25518D3795100F7F642 /* 25Points__dly.mp3 */ = {isa = PBXFileReference; lastKnownFileType = audio.mp3; path = 25Points__dly.mp3; sourceTree = "<group>"; };
		4E5BC25618D3795100F7F642 /* 50Points__dly.mp3 */ = {isa = PBXFileReference; lastKnownFileType = audio.mp3; path = 50Points__dly.mp3; sourceTree = "<group>"; };
		4E5BC25718D3795100F7F642 /* 100Points__dly.mp3 */ = {isa = PBXFileReference; lastKnownFileType = audio.mp3; path = 100Points__dly.mp3; sourceTree = "<group>"; };
		4E5BC25818D3795100F7F642 /* Loose_.mp3 */ = {isa = PBXFileReference; lastKnownFileType = audio.mp3; path = Loose_.mp3; sourceTree = "<group>"; };
		4E5BC25918D3795100F7F642 /* PowerUp_dly.mp3 */ = {isa = PBXFileReference; lastKnownFileType = audio.mp3; path = PowerUp_dly.mp3; sourceTree = "<group>"; };
		4E5BC25A18D3795100F7F642 /* YSIotaSE.h */ = {isa = PBXFileReference; fileEncoding = 4; lastKnownFileType = sourcecode.c.h; path = YSIotaSE.h; sourceTree = "<group>"; };
		4E5BC25B18D3795100F7F642 /* YSIotaSE.m */ = {isa = PBXFileReference; fileEncoding = 4; lastKnownFileType = sourcecode.c.objc; path = YSIotaSE.m; sourceTree = "<group>"; };
		4E5BC26318D379AC00F7F642 /* GameKit.framework */ = {isa = PBXFileReference; lastKnownFileType = wrapper.framework; name = GameKit.framework; path = System/Library/Frameworks/GameKit.framework; sourceTree = SDKROOT; };
		4E5BC26518D379B100F7F642 /* iAd.framework */ = {isa = PBXFileReference; lastKnownFileType = wrapper.framework; name = iAd.framework; path = System/Library/Frameworks/iAd.framework; sourceTree = SDKROOT; };
		4E5BC26718D37A2100F7F642 /* Constants.h */ = {isa = PBXFileReference; fileEncoding = 4; lastKnownFileType = sourcecode.c.h; path = Constants.h; sourceTree = "<group>"; };
		4E5BC26B18D37A2100F7F642 /* GameCenterManager.h */ = {isa = PBXFileReference; fileEncoding = 4; lastKnownFileType = sourcecode.c.h; path = GameCenterManager.h; sourceTree = "<group>"; };
		4E5BC26C18D37A2100F7F642 /* GameCenterManager.m */ = {isa = PBXFileReference; fileEncoding = 4; lastKnownFileType = sourcecode.c.objc; path = GameCenterManager.m; sourceTree = "<group>"; };
		4E5BC26D18D37A2100F7F642 /* SKButton.h */ = {isa = PBXFileReference; fileEncoding = 4; lastKnownFileType = sourcecode.c.h; path = SKButton.h; sourceTree = "<group>"; };
		4E5BC26E18D37A2100F7F642 /* SKButton.m */ = {isa = PBXFileReference; fileEncoding = 4; lastKnownFileType = sourcecode.c.objc; path = SKButton.m; sourceTree = "<group>"; };
		4E5BC27418D389B300F7F642 /* A2_dly.mp3 */ = {isa = PBXFileReference; lastKnownFileType = audio.mp3; path = A2_dly.mp3; sourceTree = "<group>"; };
		4E5BC27518D389B300F7F642 /* A3_dly.mp3 */ = {isa = PBXFileReference; lastKnownFileType = audio.mp3; path = A3_dly.mp3; sourceTree = "<group>"; };
		4E5BC27618D389B300F7F642 /* A4_dly.mp3 */ = {isa = PBXFileReference; lastKnownFileType = audio.mp3; path = A4_dly.mp3; sourceTree = "<group>"; };
		4E5BC27718D389B300F7F642 /* A5_dly.mp3 */ = {isa = PBXFileReference; lastKnownFileType = audio.mp3; path = A5_dly.mp3; sourceTree = "<group>"; };
		4E5BC27818D389B300F7F642 /* A6_dly.mp3 */ = {isa = PBXFileReference; lastKnownFileType = audio.mp3; path = A6_dly.mp3; sourceTree = "<group>"; };
		4E5BC27918D389B300F7F642 /* B2_dly.mp3 */ = {isa = PBXFileReference; lastKnownFileType = audio.mp3; path = B2_dly.mp3; sourceTree = "<group>"; };
		4E5BC27A18D389B300F7F642 /* B3_dly.mp3 */ = {isa = PBXFileReference; lastKnownFileType = audio.mp3; path = B3_dly.mp3; sourceTree = "<group>"; };
		4E5BC27B18D389B300F7F642 /* B4_dly.mp3 */ = {isa = PBXFileReference; lastKnownFileType = audio.mp3; path = B4_dly.mp3; sourceTree = "<group>"; };
		4E5BC27C18D389B300F7F642 /* B5_dly.mp3 */ = {isa = PBXFileReference; lastKnownFileType = audio.mp3; path = B5_dly.mp3; sourceTree = "<group>"; };
		4E5BC27D18D389B300F7F642 /* B6_dly.mp3 */ = {isa = PBXFileReference; lastKnownFileType = audio.mp3; path = B6_dly.mp3; sourceTree = "<group>"; };
		4E5BC27E18D389B300F7F642 /* C2_dly.mp3 */ = {isa = PBXFileReference; lastKnownFileType = audio.mp3; path = C2_dly.mp3; sourceTree = "<group>"; };
		4E5BC27F18D389B300F7F642 /* C3_dly.mp3 */ = {isa = PBXFileReference; lastKnownFileType = audio.mp3; path = C3_dly.mp3; sourceTree = "<group>"; };
		4E5BC28018D389B300F7F642 /* C4_dly.mp3 */ = {isa = PBXFileReference; lastKnownFileType = audio.mp3; path = C4_dly.mp3; sourceTree = "<group>"; };
		4E5BC28118D389B300F7F642 /* C5_dly.mp3 */ = {isa = PBXFileReference; lastKnownFileType = audio.mp3; path = C5_dly.mp3; sourceTree = "<group>"; };
		4E5BC28218D389B300F7F642 /* C6_dly.mp3 */ = {isa = PBXFileReference; lastKnownFileType = audio.mp3; path = C6_dly.mp3; sourceTree = "<group>"; };
		4E5BC28318D389B300F7F642 /* C7_dly.mp3 */ = {isa = PBXFileReference; lastKnownFileType = audio.mp3; path = C7_dly.mp3; sourceTree = "<group>"; };
		4E5BC28418D389B300F7F642 /* D2_dly.mp3 */ = {isa = PBXFileReference; lastKnownFileType = audio.mp3; path = D2_dly.mp3; sourceTree = "<group>"; };
		4E5BC28518D389B300F7F642 /* D3_dly.mp3 */ = {isa = PBXFileReference; lastKnownFileType = audio.mp3; path = D3_dly.mp3; sourceTree = "<group>"; };
		4E5BC28618D389B300F7F642 /* D4_dly.mp3 */ = {isa = PBXFileReference; lastKnownFileType = audio.mp3; path = D4_dly.mp3; sourceTree = "<group>"; };
		4E5BC28718D389B300F7F642 /* D5_dly.mp3 */ = {isa = PBXFileReference; lastKnownFileType = audio.mp3; path = D5_dly.mp3; sourceTree = "<group>"; };
		4E5BC28818D389B300F7F642 /* D6_dly.mp3 */ = {isa = PBXFileReference; lastKnownFileType = audio.mp3; path = D6_dly.mp3; sourceTree = "<group>"; };
		4E5BC28918D389B300F7F642 /* E2_dly.mp3 */ = {isa = PBXFileReference; lastKnownFileType = audio.mp3; path = E2_dly.mp3; sourceTree = "<group>"; };
		4E5BC28A18D389B300F7F642 /* E3_dly.mp3 */ = {isa = PBXFileReference; lastKnownFileType = audio.mp3; path = E3_dly.mp3; sourceTree = "<group>"; };
		4E5BC28B18D389B300F7F642 /* E4_dly.mp3 */ = {isa = PBXFileReference; lastKnownFileType = audio.mp3; path = E4_dly.mp3; sourceTree = "<group>"; };
		4E5BC28C18D389B300F7F642 /* E5_dly.mp3 */ = {isa = PBXFileReference; lastKnownFileType = audio.mp3; path = E5_dly.mp3; sourceTree = "<group>"; };
		4E5BC28D18D389B300F7F642 /* E6_dly.mp3 */ = {isa = PBXFileReference; lastKnownFileType = audio.mp3; path = E6_dly.mp3; sourceTree = "<group>"; };
		4E5BC28E18D389B300F7F642 /* F2_dly.mp3 */ = {isa = PBXFileReference; lastKnownFileType = audio.mp3; path = F2_dly.mp3; sourceTree = "<group>"; };
		4E5BC28F18D389B300F7F642 /* F3_dly.mp3 */ = {isa = PBXFileReference; lastKnownFileType = audio.mp3; path = F3_dly.mp3; sourceTree = "<group>"; };
		4E5BC29018D389B300F7F642 /* F4_dly.mp3 */ = {isa = PBXFileReference; lastKnownFileType = audio.mp3; path = F4_dly.mp3; sourceTree = "<group>"; };
		4E5BC29118D389B300F7F642 /* F5_dly.mp3 */ = {isa = PBXFileReference; lastKnownFileType = audio.mp3; path = F5_dly.mp3; sourceTree = "<group>"; };
		4E5BC29218D389B300F7F642 /* F6_dly.mp3 */ = {isa = PBXFileReference; lastKnownFileType = audio.mp3; path = F6_dly.mp3; sourceTree = "<group>"; };
		4E5BC29318D389B300F7F642 /* G2_dly.mp3 */ = {isa = PBXFileReference; lastKnownFileType = audio.mp3; path = G2_dly.mp3; sourceTree = "<group>"; };
		4E5BC29418D389B300F7F642 /* G3_dly.mp3 */ = {isa = PBXFileReference; lastKnownFileType = audio.mp3; path = G3_dly.mp3; sourceTree = "<group>"; };
		4E5BC29518D389B300F7F642 /* G4_dly.mp3 */ = {isa = PBXFileReference; lastKnownFileType = audio.mp3; path = G4_dly.mp3; sourceTree = "<group>"; };
		4E5BC29618D389B300F7F642 /* G5_dly.mp3 */ = {isa = PBXFileReference; lastKnownFileType = audio.mp3; path = G5_dly.mp3; sourceTree = "<group>"; };
		4E5BC29718D389B300F7F642 /* G6_dly.mp3 */ = {isa = PBXFileReference; lastKnownFileType = audio.mp3; path = G6_dly.mp3; sourceTree = "<group>"; };
		4E5BC2BC18D4068B00F7F642 /* CoreMotion.framework */ = {isa = PBXFileReference; lastKnownFileType = wrapper.framework; name = CoreMotion.framework; path = System/Library/Frameworks/CoreMotion.framework; sourceTree = SDKROOT; };
		4ECC177318D4E9660046134D /* Main.storyboard */ = {isa = PBXFileReference; fileEncoding = 4; lastKnownFileType = file.storyboard; path = Main.storyboard; sourceTree = "<group>"; };
		4ECC177718D51F1E0046134D /* swoosh.mp3 */ = {isa = PBXFileReference; lastKnownFileType = audio.mp3; path = swoosh.mp3; sourceTree = "<group>"; };
		4EFC026118E3515900207A33 /* UIShareAcitivityViewController.h */ = {isa = PBXFileReference; fileEncoding = 4; lastKnownFileType = sourcecode.c.h; path = UIShareAcitivityViewController.h; sourceTree = "<group>"; };
		4EFC026218E3515900207A33 /* UIShareAcitivityViewController.m */ = {isa = PBXFileReference; fileEncoding = 4; lastKnownFileType = sourcecode.c.objc; path = UIShareAcitivityViewController.m; sourceTree = "<group>"; };
/* End PBXFileReference section */

/* Begin PBXFrameworksBuildPhase section */
		4E5BC1ED18D376F300F7F642 /* Frameworks */ = {
			isa = PBXFrameworksBuildPhase;
			buildActionMask = 2147483647;
			files = (
				4E40333E18E5058D009567F0 /* SystemConfiguration.framework in Frameworks */,
				4E40333C18E50587009567F0 /* StoreKit.framework in Frameworks */,
				4E40333A18E50579009567F0 /* Security.framework in Frameworks */,
				4E40333818E50573009567F0 /* QuartzCore.framework in Frameworks */,
				4E40333618E5056C009567F0 /* MobileCoreServices.framework in Frameworks */,
				4E40333418E50566009567F0 /* libz.dylib in Frameworks */,
				4E40333218E5055D009567F0 /* CoreLocation.framework in Frameworks */,
				4E40333018E50556009567F0 /* CFNetwork.framework in Frameworks */,
				4E40332E18E50550009567F0 /* AudioToolbox.framework in Frameworks */,
				4E5BC26618D379B100F7F642 /* iAd.framework in Frameworks */,
				4E5BC26418D379AD00F7F642 /* GameKit.framework in Frameworks */,
				4E5BC1F618D376F300F7F642 /* CoreGraphics.framework in Frameworks */,
				4E40332C18E504E6009567F0 /* Parse.framework in Frameworks */,
				4E5BC1F818D376F300F7F642 /* UIKit.framework in Frameworks */,
				4E5BC1FA18D376F300F7F642 /* SpriteKit.framework in Frameworks */,
				4E5BC1F418D376F300F7F642 /* Foundation.framework in Frameworks */,
			);
			runOnlyForDeploymentPostprocessing = 0;
		};
		4E5BC21518D376F400F7F642 /* Frameworks */ = {
			isa = PBXFrameworksBuildPhase;
			buildActionMask = 2147483647;
			files = (
				4E5BC21A18D376F400F7F642 /* XCTest.framework in Frameworks */,
				4E5BC21C18D376F400F7F642 /* UIKit.framework in Frameworks */,
				4E5BC21B18D376F400F7F642 /* Foundation.framework in Frameworks */,
			);
			runOnlyForDeploymentPostprocessing = 0;
		};
/* End PBXFrameworksBuildPhase section */

/* Begin PBXGroup section */
		4E5BC1E718D376F300F7F642 = {
			isa = PBXGroup;
			children = (
				4E5BC23218D378E100F7F642 /* Helpers */,
				4E5BC23118D378DA00F7F642 /* Sound Engine */,
				4E5BC23018D378D100F7F642 /* Scenes */,
				4E5BC22F18D378C900F7F642 /* Sprites */,
				4E5BC1FB18D376F300F7F642 /* iota */,
				4E5BC21F18D376F400F7F642 /* iotaTests */,
				4E5BC1F218D376F300F7F642 /* Frameworks */,
				4E5BC1F118D376F300F7F642 /* Products */,
			);
			sourceTree = "<group>";
		};
		4E5BC1F118D376F300F7F642 /* Products */ = {
			isa = PBXGroup;
			children = (
				4E5BC1F018D376F300F7F642 /* iota.app */,
				4E5BC21818D376F400F7F642 /* iotaTests.xctest */,
			);
			name = Products;
			sourceTree = "<group>";
		};
		4E5BC1F218D376F300F7F642 /* Frameworks */ = {
			isa = PBXGroup;
			children = (
				4E40333D18E5058D009567F0 /* SystemConfiguration.framework */,
				4E40333B18E50587009567F0 /* StoreKit.framework */,
				4E40333918E50579009567F0 /* Security.framework */,
				4E40333718E50573009567F0 /* QuartzCore.framework */,
				4E40333518E5056C009567F0 /* MobileCoreServices.framework */,
				4E40333318E50565009567F0 /* libz.dylib */,
				4E40333118E5055D009567F0 /* CoreLocation.framework */,
				4E40332F18E50556009567F0 /* CFNetwork.framework */,
				4E40332D18E50550009567F0 /* AudioToolbox.framework */,
				4E40332B18E504E6009567F0 /* Parse.framework */,
				4E5BC2BC18D4068B00F7F642 /* CoreMotion.framework */,
				4E5BC26518D379B100F7F642 /* iAd.framework */,
				4E5BC26318D379AC00F7F642 /* GameKit.framework */,
				4E5BC1F318D376F300F7F642 /* Foundation.framework */,
				4E5BC1F518D376F300F7F642 /* CoreGraphics.framework */,
				4E5BC1F718D376F300F7F642 /* UIKit.framework */,
				4E5BC1F918D376F300F7F642 /* SpriteKit.framework */,
				4E5BC21918D376F400F7F642 /* XCTest.framework */,
			);
			name = Frameworks;
			sourceTree = "<group>";
		};
		4E5BC1FB18D376F300F7F642 /* iota */ = {
			isa = PBXGroup;
			children = (
				4E5BC27218D37AC800F7F642 /* iPad */,
				4E5BC20418D376F300F7F642 /* AppDelegate.h */,
				4E5BC20518D376F300F7F642 /* AppDelegate.m */,
				4ECC177318D4E9660046134D /* Main.storyboard */,
				4E5BC21218D376F300F7F642 /* Images.xcassets */,
				4E5BC1FC18D376F300F7F642 /* Supporting Files */,
			);
			path = iota;
			sourceTree = "<group>";
		};
		4E5BC1FC18D376F300F7F642 /* Supporting Files */ = {
			isa = PBXGroup;
			children = (
				4E5BC1FD18D376F300F7F642 /* iota-Info.plist */,
				4E5BC1FE18D376F300F7F642 /* InfoPlist.strings */,
				4E5BC20118D376F300F7F642 /* main.m */,
				4E5BC20318D376F300F7F642 /* iota-Prefix.pch */,
			);
			name = "Supporting Files";
			sourceTree = "<group>";
		};
		4E5BC21F18D376F400F7F642 /* iotaTests */ = {
			isa = PBXGroup;
			children = (
				4E5BC22518D376F400F7F642 /* iotaTests.m */,
				4E5BC22018D376F400F7F642 /* Supporting Files */,
			);
			path = iotaTests;
			sourceTree = "<group>";
		};
		4E5BC22018D376F400F7F642 /* Supporting Files */ = {
			isa = PBXGroup;
			children = (
				4E5BC22118D376F400F7F642 /* iotaTests-Info.plist */,
				4E5BC22218D376F400F7F642 /* InfoPlist.strings */,
			);
			name = "Supporting Files";
			sourceTree = "<group>";
		};
		4E5BC22F18D378C900F7F642 /* Sprites */ = {
			isa = PBXGroup;
			children = (
				4E5BC23318D3790800F7F642 /* Ball.h */,
				4E5BC23418D3790800F7F642 /* Ball.m */,
				4E5BC23518D3790800F7F642 /* Peg.h */,
				4E5BC23618D3790800F7F642 /* Peg.m */,
				4E5BC23718D3790800F7F642 /* ScoreDetector.h */,
				4E5BC23818D3790800F7F642 /* ScoreDetector.m */,
				4E5BC23918D3790800F7F642 /* ScoreIndicators.h */,
				4E5BC23A18D3790800F7F642 /* ScoreIndicators.m */,
				4E5BC23B18D3790800F7F642 /* PegColors.h */,
				4E5BC23C18D3790800F7F642 /* PegColors.m */,
				4E5BC24118D3790800F7F642 /* Scorezone.h */,
				4E5BC24218D3790800F7F642 /* Scorezone.m */,
			);
			name = Sprites;
			sourceTree = "<group>";
		};
		4E5BC23018D378D100F7F642 /* Scenes */ = {
			isa = PBXGroup;
			children = (
				4E5BC24B18D3794500F7F642 /* MainMenuViewController.h */,
				4E5BC24C18D3794500F7F642 /* MainMenuViewController.m */,
				4E5BC24D18D3794500F7F642 /* MainMenu.h */,
				4E5BC24E18D3794500F7F642 /* MainMenu.m */,
				4E0C6AD418E5E681008919A2 /* CreditsScene.h */,
				4E0C6AD518E5E681008919A2 /* CreditsScene.m */,
				4E5BC24F18D3794500F7F642 /* IotaGameScene.h */,
				4E5BC25018D3794500F7F642 /* IotaGameScene.m */,
				4EFC026118E3515900207A33 /* UIShareAcitivityViewController.h */,
				4EFC026218E3515900207A33 /* UIShareAcitivityViewController.m */,
			);
			name = Scenes;
			sourceTree = "<group>";
		};
		4E5BC23118D378DA00F7F642 /* Sound Engine */ = {
			isa = PBXGroup;
			children = (
				4ECC177718D51F1E0046134D /* swoosh.mp3 */,
				4E5BC25418D3795100F7F642 /* 5Points__dly.mp3 */,
				4E5BC25518D3795100F7F642 /* 25Points__dly.mp3 */,
				4E5BC25618D3795100F7F642 /* 50Points__dly.mp3 */,
				4E5BC25718D3795100F7F642 /* 100Points__dly.mp3 */,
				4E5BC25818D3795100F7F642 /* Loose_.mp3 */,
				4E5BC25918D3795100F7F642 /* PowerUp_dly.mp3 */,
				4E5BC25A18D3795100F7F642 /* YSIotaSE.h */,
				4E5BC25B18D3795100F7F642 /* YSIotaSE.m */,
				4E5BC27318D389B300F7F642 /* IotaNotesDly2 */,
			);
			name = "Sound Engine";
			sourceTree = "<group>";
		};
		4E5BC23218D378E100F7F642 /* Helpers */ = {
			isa = PBXGroup;
			children = (
				4E5BC26718D37A2100F7F642 /* Constants.h */,
				4E5BC26B18D37A2100F7F642 /* GameCenterManager.h */,
				4E5BC26C18D37A2100F7F642 /* GameCenterManager.m */,
				4E5BC26D18D37A2100F7F642 /* SKButton.h */,
				4E5BC26E18D37A2100F7F642 /* SKButton.m */,
				4E40332418E4FCC2009567F0 /* ParseHelper.h */,
				4E40332518E4FCC2009567F0 /* ParseHelper.m */,
				4E40333F18E5072D009567F0 /* Reachability.h */,
				4E40334018E5072D009567F0 /* Reachability.m */,
				4E0C6ADD18E7F0F7008919A2 /* HighScoreHelper.h */,
				4E0C6ADE18E7F0F7008919A2 /* HighScoreHelper.m */,
				4E0C6AD718E621D9008919A2 /* SKTransition+CustomTransition.h */,
				4E0C6AD818E621D9008919A2 /* SKTransition+CustomTransition.m */,
				4E0C6ADA18E7EDA1008919A2 /* NSUserDefaults+MPSecureUserDefaults.h */,
				4E0C6ADB18E7EDA1008919A2 /* NSUserDefaults+MPSecureUserDefaults.m */,
			);
			name = Helpers;
			sourceTree = "<group>";
		};
		4E5BC27218D37AC800F7F642 /* iPad */ = {
			isa = PBXGroup;
			children = (
			);
			name = iPad;
			sourceTree = "<group>";
		};
		4E5BC27318D389B300F7F642 /* IotaNotesDly2 */ = {
			isa = PBXGroup;
			children = (
				4E5BC27418D389B300F7F642 /* A2_dly.mp3 */,
				4E5BC27518D389B300F7F642 /* A3_dly.mp3 */,
				4E5BC27618D389B300F7F642 /* A4_dly.mp3 */,
				4E5BC27718D389B300F7F642 /* A5_dly.mp3 */,
				4E5BC27818D389B300F7F642 /* A6_dly.mp3 */,
				4E5BC27918D389B300F7F642 /* B2_dly.mp3 */,
				4E5BC27A18D389B300F7F642 /* B3_dly.mp3 */,
				4E5BC27B18D389B300F7F642 /* B4_dly.mp3 */,
				4E5BC27C18D389B300F7F642 /* B5_dly.mp3 */,
				4E5BC27D18D389B300F7F642 /* B6_dly.mp3 */,
				4E5BC27E18D389B300F7F642 /* C2_dly.mp3 */,
				4E5BC27F18D389B300F7F642 /* C3_dly.mp3 */,
				4E5BC28018D389B300F7F642 /* C4_dly.mp3 */,
				4E5BC28118D389B300F7F642 /* C5_dly.mp3 */,
				4E5BC28218D389B300F7F642 /* C6_dly.mp3 */,
				4E5BC28318D389B300F7F642 /* C7_dly.mp3 */,
				4E5BC28418D389B300F7F642 /* D2_dly.mp3 */,
				4E5BC28518D389B300F7F642 /* D3_dly.mp3 */,
				4E5BC28618D389B300F7F642 /* D4_dly.mp3 */,
				4E5BC28718D389B300F7F642 /* D5_dly.mp3 */,
				4E5BC28818D389B300F7F642 /* D6_dly.mp3 */,
				4E5BC28918D389B300F7F642 /* E2_dly.mp3 */,
				4E5BC28A18D389B300F7F642 /* E3_dly.mp3 */,
				4E5BC28B18D389B300F7F642 /* E4_dly.mp3 */,
				4E5BC28C18D389B300F7F642 /* E5_dly.mp3 */,
				4E5BC28D18D389B300F7F642 /* E6_dly.mp3 */,
				4E5BC28E18D389B300F7F642 /* F2_dly.mp3 */,
				4E5BC28F18D389B300F7F642 /* F3_dly.mp3 */,
				4E5BC29018D389B300F7F642 /* F4_dly.mp3 */,
				4E5BC29118D389B300F7F642 /* F5_dly.mp3 */,
				4E5BC29218D389B300F7F642 /* F6_dly.mp3 */,
				4E5BC29318D389B300F7F642 /* G2_dly.mp3 */,
				4E5BC29418D389B300F7F642 /* G3_dly.mp3 */,
				4E5BC29518D389B300F7F642 /* G4_dly.mp3 */,
				4E5BC29618D389B300F7F642 /* G5_dly.mp3 */,
				4E5BC29718D389B300F7F642 /* G6_dly.mp3 */,
			);
			path = IotaNotesDly2;
			sourceTree = "<group>";
		};
/* End PBXGroup section */

/* Begin PBXNativeTarget section */
		4E5BC1EF18D376F300F7F642 /* iota */ = {
			isa = PBXNativeTarget;
			buildConfigurationList = 4E5BC22918D376F400F7F642 /* Build configuration list for PBXNativeTarget "iota" */;
			buildPhases = (
				4E5BC1EC18D376F300F7F642 /* Sources */,
				4E5BC1ED18D376F300F7F642 /* Frameworks */,
				4E5BC1EE18D376F300F7F642 /* Resources */,
			);
			buildRules = (
			);
			dependencies = (
			);
			name = iota;
			productName = iota;
			productReference = 4E5BC1F018D376F300F7F642 /* iota.app */;
			productType = "com.apple.product-type.application";
		};
		4E5BC21718D376F400F7F642 /* iotaTests */ = {
			isa = PBXNativeTarget;
			buildConfigurationList = 4E5BC22C18D376F400F7F642 /* Build configuration list for PBXNativeTarget "iotaTests" */;
			buildPhases = (
				4E5BC21418D376F400F7F642 /* Sources */,
				4E5BC21518D376F400F7F642 /* Frameworks */,
				4E5BC21618D376F400F7F642 /* Resources */,
			);
			buildRules = (
			);
			dependencies = (
				4E5BC21E18D376F400F7F642 /* PBXTargetDependency */,
			);
			name = iotaTests;
			productName = iotaTests;
			productReference = 4E5BC21818D376F400F7F642 /* iotaTests.xctest */;
			productType = "com.apple.product-type.bundle.unit-test";
		};
/* End PBXNativeTarget section */

/* Begin PBXProject section */
		4E5BC1E818D376F300F7F642 /* Project object */ = {
			isa = PBXProject;
			attributes = {
				LastUpgradeCheck = 0500;
				ORGANIZATIONNAME = "Ivan Lesko";
				TargetAttributes = {
					4E5BC1EF18D376F300F7F642 = {
						DevelopmentTeam = PA483M26HF;
					};
					4E5BC21718D376F400F7F642 = {
						TestTargetID = 4E5BC1EF18D376F300F7F642;
					};
				};
			};
			buildConfigurationList = 4E5BC1EB18D376F300F7F642 /* Build configuration list for PBXProject "iota" */;
			compatibilityVersion = "Xcode 3.2";
			developmentRegion = English;
			hasScannedForEncodings = 0;
			knownRegions = (
				en,
				Base,
			);
			mainGroup = 4E5BC1E718D376F300F7F642;
			productRefGroup = 4E5BC1F118D376F300F7F642 /* Products */;
			projectDirPath = "";
			projectRoot = "";
			targets = (
				4E5BC1EF18D376F300F7F642 /* iota */,
				4E5BC21718D376F400F7F642 /* iotaTests */,
			);
		};
/* End PBXProject section */

/* Begin PBXResourcesBuildPhase section */
		4E5BC1EE18D376F300F7F642 /* Resources */ = {
			isa = PBXResourcesBuildPhase;
			buildActionMask = 2147483647;
			files = (
				4E5BC25D18D3795100F7F642 /* 25Points__dly.mp3 in Resources */,
				4E5BC2A618D389B300F7F642 /* C6_dly.mp3 in Resources */,
				4E5BC2A918D389B300F7F642 /* D3_dly.mp3 in Resources */,
				4E5BC29918D389B300F7F642 /* A3_dly.mp3 in Resources */,
				4E5BC29D18D389B300F7F642 /* B2_dly.mp3 in Resources */,
				4E5BC2AB18D389B300F7F642 /* D5_dly.mp3 in Resources */,
				4ECC177418D4E9660046134D /* Main.storyboard in Resources */,
				4E5BC2B018D389B300F7F642 /* E5_dly.mp3 in Resources */,
				4E5BC2A518D389B300F7F642 /* C5_dly.mp3 in Resources */,
				4E5BC20018D376F300F7F642 /* InfoPlist.strings in Resources */,
				4E5BC2AE18D389B300F7F642 /* E3_dly.mp3 in Resources */,
				4E5BC21318D376F300F7F642 /* Images.xcassets in Resources */,
				4E5BC29E18D389B300F7F642 /* B3_dly.mp3 in Resources */,
				4E5BC2A818D389B300F7F642 /* D2_dly.mp3 in Resources */,
				4E5BC2B918D389B300F7F642 /* G4_dly.mp3 in Resources */,
				4E5BC2B518D389B300F7F642 /* F5_dly.mp3 in Resources */,
				4E5BC2BB18D389B300F7F642 /* G6_dly.mp3 in Resources */,
				4E5BC29F18D389B300F7F642 /* B4_dly.mp3 in Resources */,
				4E5BC29818D389B300F7F642 /* A2_dly.mp3 in Resources */,
				4ECC177818D51F1E0046134D /* swoosh.mp3 in Resources */,
				4E5BC2A718D389B300F7F642 /* C7_dly.mp3 in Resources */,
				4E5BC29C18D389B300F7F642 /* A6_dly.mp3 in Resources */,
				4E5BC29A18D389B300F7F642 /* A4_dly.mp3 in Resources */,
				4E5BC2AC18D389B300F7F642 /* D6_dly.mp3 in Resources */,
				4E5BC25E18D3795100F7F642 /* 50Points__dly.mp3 in Resources */,
				4E5BC2B418D389B300F7F642 /* F4_dly.mp3 in Resources */,
				4E5BC2AA18D389B300F7F642 /* D4_dly.mp3 in Resources */,
				4E5BC25F18D3795100F7F642 /* 100Points__dly.mp3 in Resources */,
				4E5BC25C18D3795100F7F642 /* 5Points__dly.mp3 in Resources */,
				4E5BC2A018D389B300F7F642 /* B5_dly.mp3 in Resources */,
				4E5BC29B18D389B300F7F642 /* A5_dly.mp3 in Resources */,
				4E5BC2A118D389B300F7F642 /* B6_dly.mp3 in Resources */,
				4E5BC26018D3795100F7F642 /* Loose_.mp3 in Resources */,
				4E5BC2B318D389B300F7F642 /* F3_dly.mp3 in Resources */,
				4E5BC2A218D389B300F7F642 /* C2_dly.mp3 in Resources */,
				4E5BC2B818D389B300F7F642 /* G3_dly.mp3 in Resources */,
				4E5BC2A418D389B300F7F642 /* C4_dly.mp3 in Resources */,
				4E5BC2AF18D389B300F7F642 /* E4_dly.mp3 in Resources */,
				4E5BC2BA18D389B300F7F642 /* G5_dly.mp3 in Resources */,
				4E5BC2B118D389B300F7F642 /* E6_dly.mp3 in Resources */,
				4E5BC2B218D389B300F7F642 /* F2_dly.mp3 in Resources */,
				4E5BC2B718D389B300F7F642 /* G2_dly.mp3 in Resources */,
				4E5BC2B618D389B300F7F642 /* F6_dly.mp3 in Resources */,
				4E5BC2AD18D389B300F7F642 /* E2_dly.mp3 in Resources */,
				4E5BC26118D3795100F7F642 /* PowerUp_dly.mp3 in Resources */,
				4E5BC2A318D389B300F7F642 /* C3_dly.mp3 in Resources */,
			);
			runOnlyForDeploymentPostprocessing = 0;
		};
		4E5BC21618D376F400F7F642 /* Resources */ = {
			isa = PBXResourcesBuildPhase;
			buildActionMask = 2147483647;
			files = (
				4E5BC22418D376F400F7F642 /* InfoPlist.strings in Resources */,
			);
			runOnlyForDeploymentPostprocessing = 0;
		};
/* End PBXResourcesBuildPhase section */

/* Begin PBXSourcesBuildPhase section */
		4E5BC1EC18D376F300F7F642 /* Sources */ = {
			isa = PBXSourcesBuildPhase;
			buildActionMask = 2147483647;
			files = (
				4E5BC24618D3790800F7F642 /* ScoreIndicators.m in Sources */,
				4E5BC24418D3790800F7F642 /* Peg.m in Sources */,
				4EFC026318E3515900207A33 /* UIShareAcitivityViewController.m in Sources */,
				4E40332618E4FCC2009567F0 /* ParseHelper.m in Sources */,
				4E0C6AD918E621D9008919A2 /* SKTransition+CustomTransition.m in Sources */,
				4E5BC27118D37A2100F7F642 /* SKButton.m in Sources */,
				4E0C6ADC18E7EDA1008919A2 /* NSUserDefaults+MPSecureUserDefaults.m in Sources */,
				4E5BC25118D3794500F7F642 /* MainMenuViewController.m in Sources */,
				4E5BC27018D37A2100F7F642 /* GameCenterManager.m in Sources */,
				4E5BC24718D3790800F7F642 /* PegColors.m in Sources */,
				4E5BC24318D3790800F7F642 /* Ball.m in Sources */,
				4E5BC26218D3795100F7F642 /* YSIotaSE.m in Sources */,
				4E5BC25218D3794500F7F642 /* MainMenu.m in Sources */,
				4E5BC24518D3790800F7F642 /* ScoreDetector.m in Sources */,
				4E5BC20618D376F300F7F642 /* AppDelegate.m in Sources */,
				4E0C6ADF18E7F0F7008919A2 /* HighScoreHelper.m in Sources */,
				4E5BC24A18D3790800F7F642 /* Scorezone.m in Sources */,
				4E5BC25318D3794500F7F642 /* IotaGameScene.m in Sources */,
				4E5BC20218D376F300F7F642 /* main.m in Sources */,
				4E40334118E5072D009567F0 /* Reachability.m in Sources */,
				4E0C6AD618E5E681008919A2 /* CreditsScene.m in Sources */,
			);
			runOnlyForDeploymentPostprocessing = 0;
		};
		4E5BC21418D376F400F7F642 /* Sources */ = {
			isa = PBXSourcesBuildPhase;
			buildActionMask = 2147483647;
			files = (
				4E5BC22618D376F400F7F642 /* iotaTests.m in Sources */,
			);
			runOnlyForDeploymentPostprocessing = 0;
		};
/* End PBXSourcesBuildPhase section */

/* Begin PBXTargetDependency section */
		4E5BC21E18D376F400F7F642 /* PBXTargetDependency */ = {
			isa = PBXTargetDependency;
			target = 4E5BC1EF18D376F300F7F642 /* iota */;
			targetProxy = 4E5BC21D18D376F400F7F642 /* PBXContainerItemProxy */;
		};
/* End PBXTargetDependency section */

/* Begin PBXVariantGroup section */
		4E5BC1FE18D376F300F7F642 /* InfoPlist.strings */ = {
			isa = PBXVariantGroup;
			children = (
				4E5BC1FF18D376F300F7F642 /* en */,
			);
			name = InfoPlist.strings;
			sourceTree = "<group>";
		};
		4E5BC22218D376F400F7F642 /* InfoPlist.strings */ = {
			isa = PBXVariantGroup;
			children = (
				4E5BC22318D376F400F7F642 /* en */,
			);
			name = InfoPlist.strings;
			sourceTree = "<group>";
		};
/* End PBXVariantGroup section */

/* Begin XCBuildConfiguration section */
		4E5BC22718D376F400F7F642 /* Debug */ = {
			isa = XCBuildConfiguration;
			buildSettings = {
				ALWAYS_SEARCH_USER_PATHS = NO;
				ARCHS = "$(ARCHS_STANDARD_INCLUDING_64_BIT)";
				CLANG_CXX_LANGUAGE_STANDARD = "gnu++0x";
				CLANG_CXX_LIBRARY = "libc++";
				CLANG_ENABLE_MODULES = YES;
				CLANG_ENABLE_OBJC_ARC = YES;
				CLANG_WARN_BOOL_CONVERSION = YES;
				CLANG_WARN_CONSTANT_CONVERSION = YES;
				CLANG_WARN_DIRECT_OBJC_ISA_USAGE = YES_ERROR;
				CLANG_WARN_EMPTY_BODY = YES;
				CLANG_WARN_ENUM_CONVERSION = YES;
				CLANG_WARN_INT_CONVERSION = YES;
				CLANG_WARN_OBJC_ROOT_CLASS = YES_ERROR;
				CLANG_WARN__DUPLICATE_METHOD_MATCH = YES;
				"CODE_SIGN_IDENTITY[sdk=iphoneos*]" = "iPhone Developer";
				COPY_PHASE_STRIP = NO;
				GCC_C_LANGUAGE_STANDARD = gnu99;
				GCC_DYNAMIC_NO_PIC = NO;
				GCC_OPTIMIZATION_LEVEL = 0;
				GCC_PREPROCESSOR_DEFINITIONS = (
					"DEBUG=1",
					"$(inherited)",
				);
				GCC_SYMBOLS_PRIVATE_EXTERN = NO;
				GCC_WARN_64_TO_32_BIT_CONVERSION = YES;
				GCC_WARN_ABOUT_RETURN_TYPE = YES_ERROR;
				GCC_WARN_UNDECLARED_SELECTOR = YES;
				GCC_WARN_UNINITIALIZED_AUTOS = YES;
				GCC_WARN_UNUSED_FUNCTION = YES;
				GCC_WARN_UNUSED_VARIABLE = YES;
				IPHONEOS_DEPLOYMENT_TARGET = 7.0;
				ONLY_ACTIVE_ARCH = YES;
				SDKROOT = iphoneos;
			};
			name = Debug;
		};
		4E5BC22818D376F400F7F642 /* Release */ = {
			isa = XCBuildConfiguration;
			buildSettings = {
				ALWAYS_SEARCH_USER_PATHS = NO;
				ARCHS = "$(ARCHS_STANDARD_INCLUDING_64_BIT)";
				CLANG_CXX_LANGUAGE_STANDARD = "gnu++0x";
				CLANG_CXX_LIBRARY = "libc++";
				CLANG_ENABLE_MODULES = YES;
				CLANG_ENABLE_OBJC_ARC = YES;
				CLANG_WARN_BOOL_CONVERSION = YES;
				CLANG_WARN_CONSTANT_CONVERSION = YES;
				CLANG_WARN_DIRECT_OBJC_ISA_USAGE = YES_ERROR;
				CLANG_WARN_EMPTY_BODY = YES;
				CLANG_WARN_ENUM_CONVERSION = YES;
				CLANG_WARN_INT_CONVERSION = YES;
				CLANG_WARN_OBJC_ROOT_CLASS = YES_ERROR;
				CLANG_WARN__DUPLICATE_METHOD_MATCH = YES;
				"CODE_SIGN_IDENTITY[sdk=iphoneos*]" = "iPhone Developer";
				COPY_PHASE_STRIP = YES;
				ENABLE_NS_ASSERTIONS = NO;
				GCC_C_LANGUAGE_STANDARD = gnu99;
				GCC_WARN_64_TO_32_BIT_CONVERSION = YES;
				GCC_WARN_ABOUT_RETURN_TYPE = YES_ERROR;
				GCC_WARN_UNDECLARED_SELECTOR = YES;
				GCC_WARN_UNINITIALIZED_AUTOS = YES;
				GCC_WARN_UNUSED_FUNCTION = YES;
				GCC_WARN_UNUSED_VARIABLE = YES;
				IPHONEOS_DEPLOYMENT_TARGET = 7.0;
				SDKROOT = iphoneos;
				VALIDATE_PRODUCT = YES;
			};
			name = Release;
		};
		4E5BC22A18D376F400F7F642 /* Debug */ = {
			isa = XCBuildConfiguration;
			buildSettings = {
				ASSETCATALOG_COMPILER_APPICON_NAME = AppIcon;
				ASSETCATALOG_COMPILER_LAUNCHIMAGE_NAME = LaunchImage;
				CODE_SIGN_IDENTITY = "iPhone Developer";
				"CODE_SIGN_IDENTITY[sdk=iphoneos*]" = "iPhone Developer";
				FRAMEWORK_SEARCH_PATHS = (
					"$(inherited)",
					/Users/ivanlesko/Downloads,
					"/Users/ivanlesko/Documents/XCode\\ Projects/20140313_iota/iota",
				);
				GCC_PRECOMPILE_PREFIX_HEADER = YES;
				GCC_PREFIX_HEADER = "iota/iota-Prefix.pch";
				INFOPLIST_FILE = "iota/iota-Info.plist";
				IPHONEOS_DEPLOYMENT_TARGET = 7.0;
				OTHER_LDFLAGS = "";
				PRODUCT_NAME = "$(TARGET_NAME)";
				PROVISIONING_PROFILE = "";
				SPRITEKIT_TEXTURE_ATLAS_OUTPUT = YES;
				TARGETED_DEVICE_FAMILY = 2;
				WRAPPER_EXTENSION = app;
			};
			name = Debug;
		};
		4E5BC22B18D376F400F7F642 /* Release */ = {
			isa = XCBuildConfiguration;
			buildSettings = {
				ASSETCATALOG_COMPILER_APPICON_NAME = AppIcon;
				ASSETCATALOG_COMPILER_LAUNCHIMAGE_NAME = LaunchImage;
				CODE_SIGN_IDENTITY = "iPhone Developer";
				"CODE_SIGN_IDENTITY[sdk=iphoneos*]" = "iPhone Developer";
				FRAMEWORK_SEARCH_PATHS = (
					"$(inherited)",
					/Users/ivanlesko/Downloads,
					"/Users/ivanlesko/Documents/XCode\\ Projects/20140313_iota/iota",
				);
				GCC_PRECOMPILE_PREFIX_HEADER = YES;
				GCC_PREFIX_HEADER = "iota/iota-Prefix.pch";
				INFOPLIST_FILE = "iota/iota-Info.plist";
				IPHONEOS_DEPLOYMENT_TARGET = 7.0;
				OTHER_LDFLAGS = "";
				PRODUCT_NAME = "$(TARGET_NAME)";
				PROVISIONING_PROFILE = "";
				SPRITEKIT_TEXTURE_ATLAS_OUTPUT = YES;
				TARGETED_DEVICE_FAMILY = 2;
				WRAPPER_EXTENSION = app;
			};
			name = Release;
		};
		4E5BC22D18D376F400F7F642 /* Debug */ = {
			isa = XCBuildConfiguration;
			buildSettings = {
				ARCHS = "$(ARCHS_STANDARD_INCLUDING_64_BIT)";
				BUNDLE_LOADER = "$(BUILT_PRODUCTS_DIR)/iota.app/iota";
				FRAMEWORK_SEARCH_PATHS = (
					"$(SDKROOT)/Developer/Library/Frameworks",
					"$(inherited)",
					"$(DEVELOPER_FRAMEWORKS_DIR)",
				);
				GCC_PRECOMPILE_PREFIX_HEADER = YES;
				GCC_PREFIX_HEADER = "iota/iota-Prefix.pch";
				GCC_PREPROCESSOR_DEFINITIONS = (
					"DEBUG=1",
					"$(inherited)",
				);
				INFOPLIST_FILE = "iotaTests/iotaTests-Info.plist";
				PRODUCT_NAME = "$(TARGET_NAME)";
				TEST_HOST = "$(BUNDLE_LOADER)";
				WRAPPER_EXTENSION = xctest;
			};
			name = Debug;
		};
		4E5BC22E18D376F400F7F642 /* Release */ = {
			isa = XCBuildConfiguration;
			buildSettings = {
				ARCHS = "$(ARCHS_STANDARD_INCLUDING_64_BIT)";
				BUNDLE_LOADER = "$(BUILT_PRODUCTS_DIR)/iota.app/iota";
				FRAMEWORK_SEARCH_PATHS = (
					"$(SDKROOT)/Developer/Library/Frameworks",
					"$(inherited)",
					"$(DEVELOPER_FRAMEWORKS_DIR)",
				);
				GCC_PRECOMPILE_PREFIX_HEADER = YES;
				GCC_PREFIX_HEADER = "iota/iota-Prefix.pch";
				INFOPLIST_FILE = "iotaTests/iotaTests-Info.plist";
				PRODUCT_NAME = "$(TARGET_NAME)";
				TEST_HOST = "$(BUNDLE_LOADER)";
				WRAPPER_EXTENSION = xctest;
			};
			name = Release;
		};
/* End XCBuildConfiguration section */

/* Begin XCConfigurationList section */
		4E5BC1EB18D376F300F7F642 /* Build configuration list for PBXProject "iota" */ = {
			isa = XCConfigurationList;
			buildConfigurations = (
				4E5BC22718D376F400F7F642 /* Debug */,
				4E5BC22818D376F400F7F642 /* Release */,
			);
			defaultConfigurationIsVisible = 0;
			defaultConfigurationName = Release;
		};
		4E5BC22918D376F400F7F642 /* Build configuration list for PBXNativeTarget "iota" */ = {
			isa = XCConfigurationList;
			buildConfigurations = (
				4E5BC22A18D376F400F7F642 /* Debug */,
				4E5BC22B18D376F400F7F642 /* Release */,
			);
			defaultConfigurationIsVisible = 0;
			defaultConfigurationName = Release;
		};
		4E5BC22C18D376F400F7F642 /* Build configuration list for PBXNativeTarget "iotaTests" */ = {
			isa = XCConfigurationList;
			buildConfigurations = (
				4E5BC22D18D376F400F7F642 /* Debug */,
				4E5BC22E18D376F400F7F642 /* Release */,
			);
			defaultConfigurationIsVisible = 0;
			defaultConfigurationName = Release;
		};
/* End XCConfigurationList section */
	};
	rootObject = 4E5BC1E818D376F300F7F642 /* Project object */;
}
